
Microsoft Visual Studio Solution File, Format Version 12.00
# Visual Studio 2013
VisualStudioVersion = 12.0.40629.0
MinimumVisualStudioVersion = 10.0.40219.1
Project("{8BC9CEB8-8B4A-11D0-8D11-00A0C91BC942}") = "2_addtwonum", "2_addtwonum\2_addtwonum.vcxproj", "{88440CB3-7B3E-4E2E-9E74-C3B473936031}"
EndProject
Project("{8BC9CEB8-8B4A-11D0-8D11-00A0C91BC942}") = "6_zigzagConversion", "6_zigzagConversion\6_zigzagConversion.vcxproj", "{E34ED09E-A7AC-44A7-8375-AD3B2D08B811}"
EndProject
Project("{8BC9CEB8-8B4A-11D0-8D11-00A0C91BC942}") = "7_reverseInt", "7_reverseInt\7_reverseInt.vcxproj", "{3663A50E-C0FF-41E3-9C19-B9E486B5E4C2}"
EndProject
Project("{8BC9CEB8-8B4A-11D0-8D11-00A0C91BC942}") = "14_longestCommonPrefix", "14_longestCommonPrefix\14_longestCommonPrefix.vcxproj", "{4220FE7F-C56C-4241-A4B0-F9E3282C9A7F}"
EndProject
Project("{8BC9CEB8-8B4A-11D0-8D11-00A0C91BC942}") = "1_twoSum", "1_twoSum\1_twoSum.vcxproj", "{C9B637CF-86F8-4556-BF87-80751D59D5D6}"
EndProject
Project("{8BC9CEB8-8B4A-11D0-8D11-00A0C91BC942}") = "11_containerWithMostWater", "11_containerWithMostWater\11_containerWithMostWater.vcxproj", "{53B1DD56-B212-4BC4-80DF-1B83EE08E393}"
EndProject
Project("{8BC9CEB8-8B4A-11D0-8D11-00A0C91BC942}") = "12_integerToRoman", "12_integerToRoman\12_integerToRoman.vcxproj", "{D5E0AF61-CBB7-46D2-8D36-86DBF58BFD58}"
EndProject
Project("{8BC9CEB8-8B4A-11D0-8D11-00A0C91BC942}") = "3_longestSubstringWithoutRepeatingCharacters", "3_longestSubstringWithoutRepeatingCharacters\3_longestSubstringWithoutRepeatingCharacters.vcxproj", "{DA9BDF5B-A96E-4EC2-A9B4-EF3B9CB10813}"
EndProject
Project("{8BC9CEB8-8B4A-11D0-8D11-00A0C91BC942}") = "5_longestPalindromicSubstring", "5_longestPalindromicSubstring\5_longestPalindromicSubstring.vcxproj", "{21B3653D-F947-4D67-8F1F-2387CA160ECE}"
EndProject
Project("{8BC9CEB8-8B4A-11D0-8D11-00A0C91BC942}") = "9_isPalindromeNumber", "9_isPalindromeNumber\9_isPalindromeNumber.vcxproj", "{00AFF189-B330-44C1-BA6B-52134C9A1AB9}"
EndProject
Project("{8BC9CEB8-8B4A-11D0-8D11-00A0C91BC942}") = "8_stringToInteger", "8_stringToInteger\8_stringToInteger.vcxproj", "{284CBB8A-6B11-44C2-B3AF-47C20B9402D0}"
EndProject
Project("{8BC9CEB8-8B4A-11D0-8D11-00A0C91BC942}") = "17_letterCombinationsofaPhoneNumber", "17_letterCombinationsofaPhoneNumber\17_letterCombinationsofaPhoneNumber.vcxproj", "{7FC476A5-A06E-4016-94DA-FC4F1777722B}"
EndProject
Project("{8BC9CEB8-8B4A-11D0-8D11-00A0C91BC942}") = "771_jewelsandStones", "771_jewelsandStones\771_jewelsandStones.vcxproj", "{F35DAFAD-46ED-42F2-986B-02A1E32693DB}"
EndProject
Project("{8BC9CEB8-8B4A-11D0-8D11-00A0C91BC942}") = "461_hammingDistance", "461_hammingDistance\461_hammingDistance.vcxproj", "{95653BDE-C758-47C1-87EE-0635CCFFF349}"
EndProject
Project("{8BC9CEB8-8B4A-11D0-8D11-00A0C91BC942}") = "657_judgeRouteCircle", "657_judgeRouteCircle\657_judgeRouteCircle.vcxproj", "{63EB1535-C39F-438B-99BE-98E0A8B4F9D9}"
EndProject
Global
	GlobalSection(SolutionConfigurationPlatforms) = preSolution
		Debug|Win32 = Debug|Win32
		Release|Win32 = Release|Win32
	EndGlobalSection
	GlobalSection(ProjectConfigurationPlatforms) = postSolution
		{88440CB3-7B3E-4E2E-9E74-C3B473936031}.Debug|Win32.ActiveCfg = Debug|Win32
		{88440CB3-7B3E-4E2E-9E74-C3B473936031}.Debug|Win32.Build.0 = Debug|Win32
		{88440CB3-7B3E-4E2E-9E74-C3B473936031}.Release|Win32.ActiveCfg = Release|Win32
		{88440CB3-7B3E-4E2E-9E74-C3B473936031}.Release|Win32.Build.0 = Release|Win32
		{E34ED09E-A7AC-44A7-8375-AD3B2D08B811}.Debug|Win32.ActiveCfg = Debug|Win32
		{E34ED09E-A7AC-44A7-8375-AD3B2D08B811}.Debug|Win32.Build.0 = Debug|Win32
		{E34ED09E-A7AC-44A7-8375-AD3B2D08B811}.Release|Win32.ActiveCfg = Release|Win32
		{E34ED09E-A7AC-44A7-8375-AD3B2D08B811}.Release|Win32.Build.0 = Release|Win32
		{3663A50E-C0FF-41E3-9C19-B9E486B5E4C2}.Debug|Win32.ActiveCfg = Debug|Win32
		{3663A50E-C0FF-41E3-9C19-B9E486B5E4C2}.Debug|Win32.Build.0 = Debug|Win32
		{3663A50E-C0FF-41E3-9C19-B9E486B5E4C2}.Release|Win32.ActiveCfg = Release|Win32
		{3663A50E-C0FF-41E3-9C19-B9E486B5E4C2}.Release|Win32.Build.0 = Release|Win32
		{4220FE7F-C56C-4241-A4B0-F9E3282C9A7F}.Debug|Win32.ActiveCfg = Debug|Win32
		{4220FE7F-C56C-4241-A4B0-F9E3282C9A7F}.Debug|Win32.Build.0 = Debug|Win32
		{4220FE7F-C56C-4241-A4B0-F9E3282C9A7F}.Release|Win32.ActiveCfg = Release|Win32
		{4220FE7F-C56C-4241-A4B0-F9E3282C9A7F}.Release|Win32.Build.0 = Release|Win32
		{C9B637CF-86F8-4556-BF87-80751D59D5D6}.Debug|Win32.ActiveCfg = Debug|Win32
		{C9B637CF-86F8-4556-BF87-80751D59D5D6}.Debug|Win32.Build.0 = Debug|Win32
		{C9B637CF-86F8-4556-BF87-80751D59D5D6}.Release|Win32.ActiveCfg = Release|Win32
		{C9B637CF-86F8-4556-BF87-80751D59D5D6}.Release|Win32.Build.0 = Release|Win32
		{53B1DD56-B212-4BC4-80DF-1B83EE08E393}.Debug|Win32.ActiveCfg = Debug|Win32
		{53B1DD56-B212-4BC4-80DF-1B83EE08E393}.Debug|Win32.Build.0 = Debug|Win32
		{53B1DD56-B212-4BC4-80DF-1B83EE08E393}.Release|Win32.ActiveCfg = Release|Win32
		{53B1DD56-B212-4BC4-80DF-1B83EE08E393}.Release|Win32.Build.0 = Release|Win32
		{D5E0AF61-CBB7-46D2-8D36-86DBF58BFD58}.Debug|Win32.ActiveCfg = Debug|Win32
		{D5E0AF61-CBB7-46D2-8D36-86DBF58BFD58}.Debug|Win32.Build.0 = Debug|Win32
		{D5E0AF61-CBB7-46D2-8D36-86DBF58BFD58}.Release|Win32.ActiveCfg = Release|Win32
		{D5E0AF61-CBB7-46D2-8D36-86DBF58BFD58}.Release|Win32.Build.0 = Release|Win32
		{DA9BDF5B-A96E-4EC2-A9B4-EF3B9CB10813}.Debug|Win32.ActiveCfg = Debug|Win32
		{DA9BDF5B-A96E-4EC2-A9B4-EF3B9CB10813}.Debug|Win32.Build.0 = Debug|Win32
		{DA9BDF5B-A96E-4EC2-A9B4-EF3B9CB10813}.Release|Win32.ActiveCfg = Release|Win32
		{DA9BDF5B-A96E-4EC2-A9B4-EF3B9CB10813}.Release|Win32.Build.0 = Release|Win32
		{21B3653D-F947-4D67-8F1F-2387CA160ECE}.Debug|Win32.ActiveCfg = Debug|Win32
		{21B3653D-F947-4D67-8F1F-2387CA160ECE}.Debug|Win32.Build.0 = Debug|Win32
		{21B3653D-F947-4D67-8F1F-2387CA160ECE}.Release|Win32.ActiveCfg = Release|Win32
		{21B3653D-F947-4D67-8F1F-2387CA160ECE}.Release|Win32.Build.0 = Release|Win32
		{00AFF189-B330-44C1-BA6B-52134C9A1AB9}.Debug|Win32.ActiveCfg = Debug|Win32
		{00AFF189-B330-44C1-BA6B-52134C9A1AB9}.Debug|Win32.Build.0 = Debug|Win32
		{00AFF189-B330-44C1-BA6B-52134C9A1AB9}.Release|Win32.ActiveCfg = Release|Win32
		{00AFF189-B330-44C1-BA6B-52134C9A1AB9}.Release|Win32.Build.0 = Release|Win32
		{284CBB8A-6B11-44C2-B3AF-47C20B9402D0}.Debug|Win32.ActiveCfg = Debug|Win32
		{284CBB8A-6B11-44C2-B3AF-47C20B9402D0}.Debug|Win32.Build.0 = Debug|Win32
		{284CBB8A-6B11-44C2-B3AF-47C20B9402D0}.Release|Win32.ActiveCfg = Release|Win32
		{284CBB8A-6B11-44C2-B3AF-47C20B9402D0}.Release|Win32.Build.0 = Release|Win32
		{7FC476A5-A06E-4016-94DA-FC4F1777722B}.Debug|Win32.ActiveCfg = Debug|Win32
		{7FC476A5-A06E-4016-94DA-FC4F1777722B}.Debug|Win32.Build.0 = Debug|Win32
		{7FC476A5-A06E-4016-94DA-FC4F1777722B}.Release|Win32.ActiveCfg = Release|Win32
		{7FC476A5-A06E-4016-94DA-FC4F1777722B}.Release|Win32.Build.0 = Release|Win32
		{F35DAFAD-46ED-42F2-986B-02A1E32693DB}.Debug|Win32.ActiveCfg = Debug|Win32
		{F35DAFAD-46ED-42F2-986B-02A1E32693DB}.Debug|Win32.Build.0 = Debug|Win32
		{F35DAFAD-46ED-42F2-986B-02A1E32693DB}.Release|Win32.ActiveCfg = Release|Win32
		{F35DAFAD-46ED-42F2-986B-02A1E32693DB}.Release|Win32.Build.0 = Release|Win32
		{95653BDE-C758-47C1-87EE-0635CCFFF349}.Debug|Win32.ActiveCfg = Debug|Win32
		{95653BDE-C758-47C1-87EE-0635CCFFF349}.Debug|Win32.Build.0 = Debug|Win32
		{95653BDE-C758-47C1-87EE-0635CCFFF349}.Release|Win32.ActiveCfg = Release|Win32
		{95653BDE-C758-47C1-87EE-0635CCFFF349}.Release|Win32.Build.0 = Release|Win32
		{63EB1535-C39F-438B-99BE-98E0A8B4F9D9}.Debug|Win32.ActiveCfg = Debug|Win32
		{63EB1535-C39F-438B-99BE-98E0A8B4F9D9}.Debug|Win32.Build.0 = Debug|Win32
		{63EB1535-C39F-438B-99BE-98E0A8B4F9D9}.Release|Win32.ActiveCfg = Release|Win32
		{63EB1535-C39F-438B-99BE-98E0A8B4F9D9}.Release|Win32.Build.0 = Release|Win32
	EndGlobalSection
	GlobalSection(SolutionProperties) = preSolution
		HideSolutionNode = FALSE
	EndGlobalSection
EndGlobal
