
Microsoft Visual Studio Solution File, Format Version 12.00
# Visual Studio 2013
VisualStudioVersion = 12.0.40629.0
MinimumVisualStudioVersion = 10.0.40219.1
Project("{8BC9CEB8-8B4A-11D0-8D11-00A0C91BC942}") = "2_addtwonum", "2_addtwonum\2_addtwonum.vcxproj", "{88440CB3-7B3E-4E2E-9E74-C3B473936031}"
EndProject
Project("{8BC9CEB8-8B4A-11D0-8D11-00A0C91BC942}") = "6_zigzagConversion", "6_zigzagConversion\6_zigzagConversion.vcxproj", "{E34ED09E-A7AC-44A7-8375-AD3B2D08B811}"
EndProject
Project("{8BC9CEB8-8B4A-11D0-8D11-00A0C91BC942}") = "7_reverseInt", "7_reverseInt\7_reverseInt.vcxproj", "{3663A50E-C0FF-41E3-9C19-B9E486B5E4C2}"
EndProject
Project("{8BC9CEB8-8B4A-11D0-8D11-00A0C91BC942}") = "14_longestCommonPrefix", "14_longestCommonPrefix\14_longestCommonPrefix.vcxproj", "{4220FE7F-C56C-4241-A4B0-F9E3282C9A7F}"
EndProject
Project("{8BC9CEB8-8B4A-11D0-8D11-00A0C91BC942}") = "1_twoSum", "1_twoSum\1_twoSum.vcxproj", "{C9B637CF-86F8-4556-BF87-80751D59D5D6}"
EndProject
Project("{8BC9CEB8-8B4A-11D0-8D11-00A0C91BC942}") = "11_containerWithMostWater", "11_containerWithMostWater\11_containerWithMostWater.vcxproj", "{53B1DD56-B212-4BC4-80DF-1B83EE08E393}"
EndProject
Project("{8BC9CEB8-8B4A-11D0-8D11-00A0C91BC942}") = "12_integerToRoman", "12_integerToRoman\12_integerToRoman.vcxproj", "{D5E0AF61-CBB7-46D2-8D36-86DBF58BFD58}"
EndProject
Project("{8BC9CEB8-8B4A-11D0-8D11-00A0C91BC942}") = "3_longestSubstringWithoutRepeatingCharacters", "3_longestSubstringWithoutRepeatingCharacters\3_longestSubstringWithoutRepeatingCharacters.vcxproj", "{DA9BDF5B-A96E-4EC2-A9B4-EF3B9CB10813}"
EndProject
Project("{8BC9CEB8-8B4A-11D0-8D11-00A0C91BC942}") = "5_longestPalindromicSubstring", "5_longestPalindromicSubstring\5_longestPalindromicSubstring.vcxproj", "{21B3653D-F947-4D67-8F1F-2387CA160ECE}"
EndProject
Project("{8BC9CEB8-8B4A-11D0-8D11-00A0C91BC942}") = "9_isPalindromeNumber", "9_isPalindromeNumber\9_isPalindromeNumber.vcxproj", "{00AFF189-B330-44C1-BA6B-52134C9A1AB9}"
EndProject
Project("{8BC9CEB8-8B4A-11D0-8D11-00A0C91BC942}") = "8_stringToInteger", "8_stringToInteger\8_stringToInteger.vcxproj", "{284CBB8A-6B11-44C2-B3AF-47C20B9402D0}"
EndProject
Project("{8BC9CEB8-8B4A-11D0-8D11-00A0C91BC942}") = "17_letterCombinationsofaPhoneNumber", "17_letterCombinationsofaPhoneNumber\17_letterCombinationsofaPhoneNumber.vcxproj", "{7FC476A5-A06E-4016-94DA-FC4F1777722B}"
EndProject
Project("{8BC9CEB8-8B4A-11D0-8D11-00A0C91BC942}") = "771_jewelsandStones", "771_jewelsandStones\771_jewelsandStones.vcxproj", "{F35DAFAD-46ED-42F2-986B-02A1E32693DB}"
EndProject
Project("{8BC9CEB8-8B4A-11D0-8D11-00A0C91BC942}") = "461_hammingDistance", "461_hammingDistance\461_hammingDistance.vcxproj", "{95653BDE-C758-47C1-87EE-0635CCFFF349}"
EndProject
Project("{8BC9CEB8-8B4A-11D0-8D11-00A0C91BC942}") = "657_judgeRouteCircle", "657_judgeRouteCircle\657_judgeRouteCircle.vcxproj", "{63EB1535-C39F-438B-99BE-98E0A8B4F9D9}"
EndProject
Project("{8BC9CEB8-8B4A-11D0-8D11-00A0C91BC942}") = "728_selfDividingNumbers", "728_selfDividingNumbers\728_selfDividingNumbers.vcxproj", "{B350193F-1195-4423-AD42-B0FEBB92890A}"
EndProject
Project("{8BC9CEB8-8B4A-11D0-8D11-00A0C91BC942}") = "561_arrayPartitionI", "561_arrayPartitionI\561_arrayPartitionI.vcxproj", "{AFCBA2C1-A083-4495-9ED0-08587AFD1CE7}"
EndProject
Project("{8BC9CEB8-8B4A-11D0-8D11-00A0C91BC942}") = "766_toeplitzMatrix", "766_toeplitzMatrix\766_toeplitzMatrix.vcxproj", "{E0570A47-3115-4D3A-871F-DDDB27595194}"
EndProject
Project("{8BC9CEB8-8B4A-11D0-8D11-00A0C91BC942}") = "476_numberComplement", "476_numberComplement\476_numberComplement.vcxproj", "{C756215F-B593-4C11-A77B-AD9EF35306E7}"
EndProject
Project("{8BC9CEB8-8B4A-11D0-8D11-00A0C91BC942}") = "557_reverseWordsinaStringIII", "557_reverseWordsinaStringIII\557_reverseWordsinaStringIII.vcxproj", "{715EE2F1-6F64-43C8-80DD-B88A5ED62EA9}"
EndProject
Project("{8BC9CEB8-8B4A-11D0-8D11-00A0C91BC942}") = "682_baseballGame", "682_baseballGame\682_baseballGame.vcxproj", "{A30821BA-19AD-4FA6-9341-91A8EFD5089E}"
EndProject
Project("{8BC9CEB8-8B4A-11D0-8D11-00A0C91BC942}") = "669_trimaBinarySearchTree", "669_trimaBinarySearchTree\669_trimaBinarySearchTree.vcxproj", "{2CE416AC-B66E-4C7F-856C-64ED5CDEC841}"
EndProject
Project("{8BC9CEB8-8B4A-11D0-8D11-00A0C91BC942}") = "412_fizzBuzz", "412_fizzBuzz\412_fizzBuzz.vcxproj", "{0BE475B2-8DE8-4B0B-9EDB-4861515D0F12}"
EndProject
Project("{8BC9CEB8-8B4A-11D0-8D11-00A0C91BC942}") = "575_distributeCandies", "575_distributeCandies\575_distributeCandies.vcxproj", "{A8155D86-BA9F-4284-8073-86C79E431E72}"
EndProject
Project("{8BC9CEB8-8B4A-11D0-8D11-00A0C91BC942}") = "566_reshapetheMatrix", "566_reshapetheMatrix\566_reshapetheMatrix.vcxproj", "{97E66DB2-B260-4F6B-8D56-81D871C04AA7}"
EndProject
Project("{8BC9CEB8-8B4A-11D0-8D11-00A0C91BC942}") = "463_islandPerimeter", "463_islandPerimeter\463_islandPerimeter.vcxproj", "{679F75AC-D0F4-492C-B70F-3FBF4977D982}"
EndProject
Project("{8BC9CEB8-8B4A-11D0-8D11-00A0C91BC942}") = "762_primeNumberofSetBitsinBinaryRepresentation", "762_primeNumberofSetBitsinBinaryRepresentation\762_primeNumberofSetBitsinBinaryRepresentation.vcxproj", "{BB95CD6E-DB6E-4761-8424-A474933E73C1}"
EndProject
Project("{8BC9CEB8-8B4A-11D0-8D11-00A0C91BC942}") = "496_nextGreaterElementI", "496_nextGreaterElementI\496_nextGreaterElementI.vcxproj", "{4601E41D-1333-459A-8BD0-A0387602C599}"
EndProject
Project("{8BC9CEB8-8B4A-11D0-8D11-00A0C91BC942}") = "521_longestUncommonSubsequenceI", "521_longestUncommonSubsequenceI\521_longestUncommonSubsequenceI.vcxproj", "{80E0CB1E-78A5-4A64-BFB6-3608CCE1FB71}"
EndProject
Project("{8BC9CEB8-8B4A-11D0-8D11-00A0C91BC942}") = "693_binaryNumberwithAlternatingBits", "693_binaryNumberwithAlternatingBits\693_binaryNumberwithAlternatingBits.vcxproj", "{05348A7B-33C0-4F94-A4A2-987D136250D8}"
EndProject
Project("{8BC9CEB8-8B4A-11D0-8D11-00A0C91BC942}") = "292_nimGame", "292_nimGame\292_nimGame.vcxproj", "{B9B61CF8-D3E9-454F-B44F-497B6950EDFB}"
EndProject
Project("{8BC9CEB8-8B4A-11D0-8D11-00A0C91BC942}") = "136_singleNumber", "136_singleNumber\136_singleNumber.vcxproj", "{D23EA4E6-CA5E-494D-B083-139586B21BEA}"
EndProject
Project("{8BC9CEB8-8B4A-11D0-8D11-00A0C91BC942}") = "485_maxConsecutiveOnes", "485_maxConsecutiveOnes\485_maxConsecutiveOnes.vcxproj", "{56CBB603-2313-411A-970C-214B2D6FEB9C}"
EndProject
Project("{8BC9CEB8-8B4A-11D0-8D11-00A0C91BC942}") = "226_invertBinaryTree", "226_invertBinaryTree\226_invertBinaryTree.vcxproj", "{F8D12CFA-F91B-43ED-B375-5449AE25C628}"
EndProject
Project("{8BC9CEB8-8B4A-11D0-8D11-00A0C91BC942}") = "690_employeeImportance", "690_employeeImportance\690_employeeImportance.vcxproj", "{F0DA1935-8D37-45FA-B870-9F6FF03877C4}"
EndProject
Project("{8BC9CEB8-8B4A-11D0-8D11-00A0C91BC942}") = "520_detectCapital", "520_detectCapital\520_detectCapital.vcxproj", "{08746D88-7FA1-4BDF-967E-54BFBD8F4092}"
EndProject
Global
	GlobalSection(SolutionConfigurationPlatforms) = preSolution
		Debug|Win32 = Debug|Win32
		Release|Win32 = Release|Win32
	EndGlobalSection
	GlobalSection(ProjectConfigurationPlatforms) = postSolution
		{88440CB3-7B3E-4E2E-9E74-C3B473936031}.Debug|Win32.ActiveCfg = Debug|Win32
		{88440CB3-7B3E-4E2E-9E74-C3B473936031}.Debug|Win32.Build.0 = Debug|Win32
		{88440CB3-7B3E-4E2E-9E74-C3B473936031}.Release|Win32.ActiveCfg = Release|Win32
		{88440CB3-7B3E-4E2E-9E74-C3B473936031}.Release|Win32.Build.0 = Release|Win32
		{E34ED09E-A7AC-44A7-8375-AD3B2D08B811}.Debug|Win32.ActiveCfg = Debug|Win32
		{E34ED09E-A7AC-44A7-8375-AD3B2D08B811}.Debug|Win32.Build.0 = Debug|Win32
		{E34ED09E-A7AC-44A7-8375-AD3B2D08B811}.Release|Win32.ActiveCfg = Release|Win32
		{E34ED09E-A7AC-44A7-8375-AD3B2D08B811}.Release|Win32.Build.0 = Release|Win32
		{3663A50E-C0FF-41E3-9C19-B9E486B5E4C2}.Debug|Win32.ActiveCfg = Debug|Win32
		{3663A50E-C0FF-41E3-9C19-B9E486B5E4C2}.Debug|Win32.Build.0 = Debug|Win32
		{3663A50E-C0FF-41E3-9C19-B9E486B5E4C2}.Release|Win32.ActiveCfg = Release|Win32
		{3663A50E-C0FF-41E3-9C19-B9E486B5E4C2}.Release|Win32.Build.0 = Release|Win32
		{4220FE7F-C56C-4241-A4B0-F9E3282C9A7F}.Debug|Win32.ActiveCfg = Debug|Win32
		{4220FE7F-C56C-4241-A4B0-F9E3282C9A7F}.Debug|Win32.Build.0 = Debug|Win32
		{4220FE7F-C56C-4241-A4B0-F9E3282C9A7F}.Release|Win32.ActiveCfg = Release|Win32
		{4220FE7F-C56C-4241-A4B0-F9E3282C9A7F}.Release|Win32.Build.0 = Release|Win32
		{C9B637CF-86F8-4556-BF87-80751D59D5D6}.Debug|Win32.ActiveCfg = Debug|Win32
		{C9B637CF-86F8-4556-BF87-80751D59D5D6}.Debug|Win32.Build.0 = Debug|Win32
		{C9B637CF-86F8-4556-BF87-80751D59D5D6}.Release|Win32.ActiveCfg = Release|Win32
		{C9B637CF-86F8-4556-BF87-80751D59D5D6}.Release|Win32.Build.0 = Release|Win32
		{53B1DD56-B212-4BC4-80DF-1B83EE08E393}.Debug|Win32.ActiveCfg = Debug|Win32
		{53B1DD56-B212-4BC4-80DF-1B83EE08E393}.Debug|Win32.Build.0 = Debug|Win32
		{53B1DD56-B212-4BC4-80DF-1B83EE08E393}.Release|Win32.ActiveCfg = Release|Win32
		{53B1DD56-B212-4BC4-80DF-1B83EE08E393}.Release|Win32.Build.0 = Release|Win32
		{D5E0AF61-CBB7-46D2-8D36-86DBF58BFD58}.Debug|Win32.ActiveCfg = Debug|Win32
		{D5E0AF61-CBB7-46D2-8D36-86DBF58BFD58}.Debug|Win32.Build.0 = Debug|Win32
		{D5E0AF61-CBB7-46D2-8D36-86DBF58BFD58}.Release|Win32.ActiveCfg = Release|Win32
		{D5E0AF61-CBB7-46D2-8D36-86DBF58BFD58}.Release|Win32.Build.0 = Release|Win32
		{DA9BDF5B-A96E-4EC2-A9B4-EF3B9CB10813}.Debug|Win32.ActiveCfg = Debug|Win32
		{DA9BDF5B-A96E-4EC2-A9B4-EF3B9CB10813}.Debug|Win32.Build.0 = Debug|Win32
		{DA9BDF5B-A96E-4EC2-A9B4-EF3B9CB10813}.Release|Win32.ActiveCfg = Release|Win32
		{DA9BDF5B-A96E-4EC2-A9B4-EF3B9CB10813}.Release|Win32.Build.0 = Release|Win32
		{21B3653D-F947-4D67-8F1F-2387CA160ECE}.Debug|Win32.ActiveCfg = Debug|Win32
		{21B3653D-F947-4D67-8F1F-2387CA160ECE}.Debug|Win32.Build.0 = Debug|Win32
		{21B3653D-F947-4D67-8F1F-2387CA160ECE}.Release|Win32.ActiveCfg = Release|Win32
		{21B3653D-F947-4D67-8F1F-2387CA160ECE}.Release|Win32.Build.0 = Release|Win32
		{00AFF189-B330-44C1-BA6B-52134C9A1AB9}.Debug|Win32.ActiveCfg = Debug|Win32
		{00AFF189-B330-44C1-BA6B-52134C9A1AB9}.Debug|Win32.Build.0 = Debug|Win32
		{00AFF189-B330-44C1-BA6B-52134C9A1AB9}.Release|Win32.ActiveCfg = Release|Win32
		{00AFF189-B330-44C1-BA6B-52134C9A1AB9}.Release|Win32.Build.0 = Release|Win32
		{284CBB8A-6B11-44C2-B3AF-47C20B9402D0}.Debug|Win32.ActiveCfg = Debug|Win32
		{284CBB8A-6B11-44C2-B3AF-47C20B9402D0}.Debug|Win32.Build.0 = Debug|Win32
		{284CBB8A-6B11-44C2-B3AF-47C20B9402D0}.Release|Win32.ActiveCfg = Release|Win32
		{284CBB8A-6B11-44C2-B3AF-47C20B9402D0}.Release|Win32.Build.0 = Release|Win32
		{7FC476A5-A06E-4016-94DA-FC4F1777722B}.Debug|Win32.ActiveCfg = Debug|Win32
		{7FC476A5-A06E-4016-94DA-FC4F1777722B}.Debug|Win32.Build.0 = Debug|Win32
		{7FC476A5-A06E-4016-94DA-FC4F1777722B}.Release|Win32.ActiveCfg = Release|Win32
		{7FC476A5-A06E-4016-94DA-FC4F1777722B}.Release|Win32.Build.0 = Release|Win32
		{F35DAFAD-46ED-42F2-986B-02A1E32693DB}.Debug|Win32.ActiveCfg = Debug|Win32
		{F35DAFAD-46ED-42F2-986B-02A1E32693DB}.Debug|Win32.Build.0 = Debug|Win32
		{F35DAFAD-46ED-42F2-986B-02A1E32693DB}.Release|Win32.ActiveCfg = Release|Win32
		{F35DAFAD-46ED-42F2-986B-02A1E32693DB}.Release|Win32.Build.0 = Release|Win32
		{95653BDE-C758-47C1-87EE-0635CCFFF349}.Debug|Win32.ActiveCfg = Debug|Win32
		{95653BDE-C758-47C1-87EE-0635CCFFF349}.Debug|Win32.Build.0 = Debug|Win32
		{95653BDE-C758-47C1-87EE-0635CCFFF349}.Release|Win32.ActiveCfg = Release|Win32
		{95653BDE-C758-47C1-87EE-0635CCFFF349}.Release|Win32.Build.0 = Release|Win32
		{63EB1535-C39F-438B-99BE-98E0A8B4F9D9}.Debug|Win32.ActiveCfg = Debug|Win32
		{63EB1535-C39F-438B-99BE-98E0A8B4F9D9}.Debug|Win32.Build.0 = Debug|Win32
		{63EB1535-C39F-438B-99BE-98E0A8B4F9D9}.Release|Win32.ActiveCfg = Release|Win32
		{63EB1535-C39F-438B-99BE-98E0A8B4F9D9}.Release|Win32.Build.0 = Release|Win32
		{B350193F-1195-4423-AD42-B0FEBB92890A}.Debug|Win32.ActiveCfg = Debug|Win32
		{B350193F-1195-4423-AD42-B0FEBB92890A}.Debug|Win32.Build.0 = Debug|Win32
		{B350193F-1195-4423-AD42-B0FEBB92890A}.Release|Win32.ActiveCfg = Release|Win32
		{B350193F-1195-4423-AD42-B0FEBB92890A}.Release|Win32.Build.0 = Release|Win32
		{AFCBA2C1-A083-4495-9ED0-08587AFD1CE7}.Debug|Win32.ActiveCfg = Debug|Win32
		{AFCBA2C1-A083-4495-9ED0-08587AFD1CE7}.Debug|Win32.Build.0 = Debug|Win32
		{AFCBA2C1-A083-4495-9ED0-08587AFD1CE7}.Release|Win32.ActiveCfg = Release|Win32
		{AFCBA2C1-A083-4495-9ED0-08587AFD1CE7}.Release|Win32.Build.0 = Release|Win32
		{E0570A47-3115-4D3A-871F-DDDB27595194}.Debug|Win32.ActiveCfg = Debug|Win32
		{E0570A47-3115-4D3A-871F-DDDB27595194}.Debug|Win32.Build.0 = Debug|Win32
		{E0570A47-3115-4D3A-871F-DDDB27595194}.Release|Win32.ActiveCfg = Release|Win32
		{E0570A47-3115-4D3A-871F-DDDB27595194}.Release|Win32.Build.0 = Release|Win32
		{C756215F-B593-4C11-A77B-AD9EF35306E7}.Debug|Win32.ActiveCfg = Debug|Win32
		{C756215F-B593-4C11-A77B-AD9EF35306E7}.Debug|Win32.Build.0 = Debug|Win32
		{C756215F-B593-4C11-A77B-AD9EF35306E7}.Release|Win32.ActiveCfg = Release|Win32
		{C756215F-B593-4C11-A77B-AD9EF35306E7}.Release|Win32.Build.0 = Release|Win32
		{715EE2F1-6F64-43C8-80DD-B88A5ED62EA9}.Debug|Win32.ActiveCfg = Debug|Win32
		{715EE2F1-6F64-43C8-80DD-B88A5ED62EA9}.Debug|Win32.Build.0 = Debug|Win32
		{715EE2F1-6F64-43C8-80DD-B88A5ED62EA9}.Release|Win32.ActiveCfg = Release|Win32
		{715EE2F1-6F64-43C8-80DD-B88A5ED62EA9}.Release|Win32.Build.0 = Release|Win32
		{A30821BA-19AD-4FA6-9341-91A8EFD5089E}.Debug|Win32.ActiveCfg = Debug|Win32
		{A30821BA-19AD-4FA6-9341-91A8EFD5089E}.Debug|Win32.Build.0 = Debug|Win32
		{A30821BA-19AD-4FA6-9341-91A8EFD5089E}.Release|Win32.ActiveCfg = Release|Win32
		{A30821BA-19AD-4FA6-9341-91A8EFD5089E}.Release|Win32.Build.0 = Release|Win32
		{2CE416AC-B66E-4C7F-856C-64ED5CDEC841}.Debug|Win32.ActiveCfg = Debug|Win32
		{2CE416AC-B66E-4C7F-856C-64ED5CDEC841}.Debug|Win32.Build.0 = Debug|Win32
		{2CE416AC-B66E-4C7F-856C-64ED5CDEC841}.Release|Win32.ActiveCfg = Release|Win32
		{2CE416AC-B66E-4C7F-856C-64ED5CDEC841}.Release|Win32.Build.0 = Release|Win32
		{0BE475B2-8DE8-4B0B-9EDB-4861515D0F12}.Debug|Win32.ActiveCfg = Debug|Win32
		{0BE475B2-8DE8-4B0B-9EDB-4861515D0F12}.Debug|Win32.Build.0 = Debug|Win32
		{0BE475B2-8DE8-4B0B-9EDB-4861515D0F12}.Release|Win32.ActiveCfg = Release|Win32
		{0BE475B2-8DE8-4B0B-9EDB-4861515D0F12}.Release|Win32.Build.0 = Release|Win32
		{A8155D86-BA9F-4284-8073-86C79E431E72}.Debug|Win32.ActiveCfg = Debug|Win32
		{A8155D86-BA9F-4284-8073-86C79E431E72}.Debug|Win32.Build.0 = Debug|Win32
		{A8155D86-BA9F-4284-8073-86C79E431E72}.Release|Win32.ActiveCfg = Release|Win32
		{A8155D86-BA9F-4284-8073-86C79E431E72}.Release|Win32.Build.0 = Release|Win32
		{97E66DB2-B260-4F6B-8D56-81D871C04AA7}.Debug|Win32.ActiveCfg = Debug|Win32
		{97E66DB2-B260-4F6B-8D56-81D871C04AA7}.Debug|Win32.Build.0 = Debug|Win32
		{97E66DB2-B260-4F6B-8D56-81D871C04AA7}.Release|Win32.ActiveCfg = Release|Win32
		{97E66DB2-B260-4F6B-8D56-81D871C04AA7}.Release|Win32.Build.0 = Release|Win32
		{679F75AC-D0F4-492C-B70F-3FBF4977D982}.Debug|Win32.ActiveCfg = Debug|Win32
		{679F75AC-D0F4-492C-B70F-3FBF4977D982}.Debug|Win32.Build.0 = Debug|Win32
		{679F75AC-D0F4-492C-B70F-3FBF4977D982}.Release|Win32.ActiveCfg = Release|Win32
		{679F75AC-D0F4-492C-B70F-3FBF4977D982}.Release|Win32.Build.0 = Release|Win32
		{BB95CD6E-DB6E-4761-8424-A474933E73C1}.Debug|Win32.ActiveCfg = Debug|Win32
		{BB95CD6E-DB6E-4761-8424-A474933E73C1}.Debug|Win32.Build.0 = Debug|Win32
		{BB95CD6E-DB6E-4761-8424-A474933E73C1}.Release|Win32.ActiveCfg = Release|Win32
		{BB95CD6E-DB6E-4761-8424-A474933E73C1}.Release|Win32.Build.0 = Release|Win32
		{4601E41D-1333-459A-8BD0-A0387602C599}.Debug|Win32.ActiveCfg = Debug|Win32
		{4601E41D-1333-459A-8BD0-A0387602C599}.Debug|Win32.Build.0 = Debug|Win32
		{4601E41D-1333-459A-8BD0-A0387602C599}.Release|Win32.ActiveCfg = Release|Win32
		{4601E41D-1333-459A-8BD0-A0387602C599}.Release|Win32.Build.0 = Release|Win32
		{80E0CB1E-78A5-4A64-BFB6-3608CCE1FB71}.Debug|Win32.ActiveCfg = Debug|Win32
		{80E0CB1E-78A5-4A64-BFB6-3608CCE1FB71}.Debug|Win32.Build.0 = Debug|Win32
		{80E0CB1E-78A5-4A64-BFB6-3608CCE1FB71}.Release|Win32.ActiveCfg = Release|Win32
		{80E0CB1E-78A5-4A64-BFB6-3608CCE1FB71}.Release|Win32.Build.0 = Release|Win32
		{05348A7B-33C0-4F94-A4A2-987D136250D8}.Debug|Win32.ActiveCfg = Debug|Win32
		{05348A7B-33C0-4F94-A4A2-987D136250D8}.Debug|Win32.Build.0 = Debug|Win32
		{05348A7B-33C0-4F94-A4A2-987D136250D8}.Release|Win32.ActiveCfg = Release|Win32
		{05348A7B-33C0-4F94-A4A2-987D136250D8}.Release|Win32.Build.0 = Release|Win32
		{B9B61CF8-D3E9-454F-B44F-497B6950EDFB}.Debug|Win32.ActiveCfg = Debug|Win32
		{B9B61CF8-D3E9-454F-B44F-497B6950EDFB}.Debug|Win32.Build.0 = Debug|Win32
		{B9B61CF8-D3E9-454F-B44F-497B6950EDFB}.Release|Win32.ActiveCfg = Release|Win32
		{B9B61CF8-D3E9-454F-B44F-497B6950EDFB}.Release|Win32.Build.0 = Release|Win32
		{D23EA4E6-CA5E-494D-B083-139586B21BEA}.Debug|Win32.ActiveCfg = Debug|Win32
		{D23EA4E6-CA5E-494D-B083-139586B21BEA}.Debug|Win32.Build.0 = Debug|Win32
		{D23EA4E6-CA5E-494D-B083-139586B21BEA}.Release|Win32.ActiveCfg = Release|Win32
		{D23EA4E6-CA5E-494D-B083-139586B21BEA}.Release|Win32.Build.0 = Release|Win32
		{56CBB603-2313-411A-970C-214B2D6FEB9C}.Debug|Win32.ActiveCfg = Debug|Win32
		{56CBB603-2313-411A-970C-214B2D6FEB9C}.Debug|Win32.Build.0 = Debug|Win32
		{56CBB603-2313-411A-970C-214B2D6FEB9C}.Release|Win32.ActiveCfg = Release|Win32
		{56CBB603-2313-411A-970C-214B2D6FEB9C}.Release|Win32.Build.0 = Release|Win32
		{F8D12CFA-F91B-43ED-B375-5449AE25C628}.Debug|Win32.ActiveCfg = Debug|Win32
		{F8D12CFA-F91B-43ED-B375-5449AE25C628}.Debug|Win32.Build.0 = Debug|Win32
		{F8D12CFA-F91B-43ED-B375-5449AE25C628}.Release|Win32.ActiveCfg = Release|Win32
		{F8D12CFA-F91B-43ED-B375-5449AE25C628}.Release|Win32.Build.0 = Release|Win32
		{F0DA1935-8D37-45FA-B870-9F6FF03877C4}.Debug|Win32.ActiveCfg = Debug|Win32
		{F0DA1935-8D37-45FA-B870-9F6FF03877C4}.Debug|Win32.Build.0 = Debug|Win32
		{F0DA1935-8D37-45FA-B870-9F6FF03877C4}.Release|Win32.ActiveCfg = Release|Win32
		{F0DA1935-8D37-45FA-B870-9F6FF03877C4}.Release|Win32.Build.0 = Release|Win32
		{08746D88-7FA1-4BDF-967E-54BFBD8F4092}.Debug|Win32.ActiveCfg = Debug|Win32
		{08746D88-7FA1-4BDF-967E-54BFBD8F4092}.Debug|Win32.Build.0 = Debug|Win32
		{08746D88-7FA1-4BDF-967E-54BFBD8F4092}.Release|Win32.ActiveCfg = Release|Win32
		{08746D88-7FA1-4BDF-967E-54BFBD8F4092}.Release|Win32.Build.0 = Release|Win32
	EndGlobalSection
	GlobalSection(SolutionProperties) = preSolution
		HideSolutionNode = FALSE
	EndGlobalSection
EndGlobal
